
Microsoft Visual Studio Solution File, Format Version 12.00
# Visual Studio Version 16
VisualStudioVersion = 16.0.29905.134
MinimumVisualStudioVersion = 10.0.40219.1
Project("{FAE04EC0-301F-11D3-BF4B-00C04F79EFBC}") = "ShopBuoi.Common", "ShopBuoi.Common\ShopBuoi.Common.csproj", "{5DD36033-E84B-450C-A909-AB4F23ADFE85}"
EndProject
Project("{FAE04EC0-301F-11D3-BF4B-00C04F79EFBC}") = "ShopBuoi.Model", "ShopBuoi.Model\ShopBuoi.Model.csproj", "{6F5EEB8D-102C-46C3-848B-43172ED13E8C}"
EndProject
Project("{FAE04EC0-301F-11D3-BF4B-00C04F79EFBC}") = "ShopBuoi.Data", "ShopBuoi.Data\ShopBuoi.Data.csproj", "{B509A9D1-DA92-42F0-81D1-97F43FE678D8}"
EndProject
Project("{FAE04EC0-301F-11D3-BF4B-00C04F79EFBC}") = "ShopBuoi.Service", "ShopBuoi.Service\ShopBuoi.Service.csproj", "{5BB405A0-8FB0-472C-87A9-16E1879D3CFB}"
EndProject
Project("{FAE04EC0-301F-11D3-BF4B-00C04F79EFBC}") = "ShopBuoi.UnitTest", "ShopBuoi.UnitTest\ShopBuoi.UnitTest.csproj", "{6DB116B7-02D2-4D9D-98F5-8346E15B756C}"
EndProject
Project("{FAE04EC0-301F-11D3-BF4B-00C04F79EFBC}") = "ShopBuoi.Web", "ShopBuoi.Web\ShopBuoi.Web.csproj", "{7B4C4183-F0C3-411F-BF92-4B58CB1B315B}"
EndProject
Global
	GlobalSection(SolutionConfigurationPlatforms) = preSolution
		Debug|Any CPU = Debug|Any CPU
		Release|Any CPU = Release|Any CPU
	EndGlobalSection
	GlobalSection(ProjectConfigurationPlatforms) = postSolution
		{5DD36033-E84B-450C-A909-AB4F23ADFE85}.Debug|Any CPU.ActiveCfg = Debug|Any CPU
		{5DD36033-E84B-450C-A909-AB4F23ADFE85}.Debug|Any CPU.Build.0 = Debug|Any CPU
		{5DD36033-E84B-450C-A909-AB4F23ADFE85}.Release|Any CPU.ActiveCfg = Release|Any CPU
		{5DD36033-E84B-450C-A909-AB4F23ADFE85}.Release|Any CPU.Build.0 = Release|Any CPU
		{6F5EEB8D-102C-46C3-848B-43172ED13E8C}.Debug|Any CPU.ActiveCfg = Debug|Any CPU
		{6F5EEB8D-102C-46C3-848B-43172ED13E8C}.Debug|Any CPU.Build.0 = Debug|Any CPU
		{6F5EEB8D-102C-46C3-848B-43172ED13E8C}.Release|Any CPU.ActiveCfg = Release|Any CPU
		{6F5EEB8D-102C-46C3-848B-43172ED13E8C}.Release|Any CPU.Build.0 = Release|Any CPU
		{B509A9D1-DA92-42F0-81D1-97F43FE678D8}.Debug|Any CPU.ActiveCfg = Debug|Any CPU
		{B509A9D1-DA92-42F0-81D1-97F43FE678D8}.Debug|Any CPU.Build.0 = Debug|Any CPU
		{B509A9D1-DA92-42F0-81D1-97F43FE678D8}.Release|Any CPU.ActiveCfg = Release|Any CPU
		{B509A9D1-DA92-42F0-81D1-97F43FE678D8}.Release|Any CPU.Build.0 = Release|Any CPU
		{5BB405A0-8FB0-472C-87A9-16E1879D3CFB}.Debug|Any CPU.ActiveCfg = Debug|Any CPU
		{5BB405A0-8FB0-472C-87A9-16E1879D3CFB}.Debug|Any CPU.Build.0 = Debug|Any CPU
		{5BB405A0-8FB0-472C-87A9-16E1879D3CFB}.Release|Any CPU.ActiveCfg = Release|Any CPU
		{5BB405A0-8FB0-472C-87A9-16E1879D3CFB}.Release|Any CPU.Build.0 = Release|Any CPU
		{6DB116B7-02D2-4D9D-98F5-8346E15B756C}.Debug|Any CPU.ActiveCfg = Debug|Any CPU
		{6DB116B7-02D2-4D9D-98F5-8346E15B756C}.Debug|Any CPU.Build.0 = Debug|Any CPU
		{6DB116B7-02D2-4D9D-98F5-8346E15B756C}.Release|Any CPU.ActiveCfg = Release|Any CPU
		{6DB116B7-02D2-4D9D-98F5-8346E15B756C}.Release|Any CPU.Build.0 = Release|Any CPU
		{7B4C4183-F0C3-411F-BF92-4B58CB1B315B}.Debug|Any CPU.ActiveCfg = Debug|Any CPU
		{7B4C4183-F0C3-411F-BF92-4B58CB1B315B}.Debug|Any CPU.Build.0 = Debug|Any CPU
		{7B4C4183-F0C3-411F-BF92-4B58CB1B315B}.Release|Any CPU.ActiveCfg = Release|Any CPU
		{7B4C4183-F0C3-411F-BF92-4B58CB1B315B}.Release|Any CPU.Build.0 = Release|Any CPU
	EndGlobalSection
	GlobalSection(SolutionProperties) = preSolution
		HideSolutionNode = FALSE
	EndGlobalSection
	GlobalSection(ExtensibilityGlobals) = postSolution
		SolutionGuid = {A5D156F3-BD23-4F6B-8A10-25B1E29B36DF}
	EndGlobalSection
EndGlobal
